
Microsoft Visual Studio Solution File, Format Version 12.00
# Visual Studio Version 17
VisualStudioVersion = 17.5.33530.505
MinimumVisualStudioVersion = 10.0.40219.1
Project("{FAE04EC0-301F-11D3-BF4B-00C04F79EFBC}") = "WeightApp", "WeightApp.csproj", "{605188CD-E259-4000-952D-61703DE1CA43}"
EndProject
Global
	GlobalSection(SolutionConfigurationPlatforms) = preSolution
		Debug|Any CPU = Debug|Any CPU
		Release|Any CPU = Release|Any CPU
	EndGlobalSection
	GlobalSection(ProjectConfigurationPlatforms) = postSolution
		{605188CD-E259-4000-952D-61703DE1CA43}.Debug|Any CPU.ActiveCfg = Debug|Any CPU
		{605188CD-E259-4000-952D-61703DE1CA43}.Debug|Any CPU.Build.0 = Debug|Any CPU
		{605188CD-E259-4000-952D-61703DE1CA43}.Release|Any CPU.ActiveCfg = Release|Any CPU
		{605188CD-E259-4000-952D-61703DE1CA43}.Release|Any CPU.Build.0 = Release|Any CPU
	EndGlobalSection
	GlobalSection(SolutionProperties) = preSolution
		HideSolutionNode = FALSE
	EndGlobalSection
	GlobalSection(ExtensibilityGlobals) = postSolution
		SolutionGuid = {C9D1AC53-2DB6-49E8-85F7-AF8DA0CB6DBD}
	EndGlobalSection
EndGlobal
